{
  "name": "svgosucli",
  "version": "1.0.0",
  "lockfileVersion": 3,
  "requires": true,
  "packages": {
    "": {
      "name": "svgosucli",
      "version": "1.0.0",
      "license": "ISC",
      "dependencies": {
        "commander": "^11.1.0",
        "ml-matrix": "^6.11.0",
        "osu-classes": "^3.0.1",
        "osu-parsers": "^4.1.6",
        "parse-svg-path": "^0.1.2"
      }
    },
    "node_modules/commander": {
      "version": "11.1.0",
      "resolved": "https://registry.npmjs.org/commander/-/commander-11.1.0.tgz",
      "integrity": "sha512-yPVavfyCcRhmorC7rWlkHn15b4wDVgVmBA7kV4QVBsF7kv/9TKJAbAXVTxvTnwP8HHKjRCJDClKbciiYS7p0DQ==",
      "engines": {
        "node": ">=16"
      }
    },
    "node_modules/is-any-array": {
      "version": "2.0.1",
      "resolved": "https://registry.npmjs.org/is-any-array/-/is-any-array-2.0.1.tgz",
      "integrity": "sha512-UtilS7hLRu++wb/WBAw9bNuP1Eg04Ivn1vERJck8zJthEvXCBEBpGR/33u/xLKWEQf95803oalHrVDptcAvFdQ=="
    },
    "node_modules/lzma-js-simple-v2": {
      "version": "1.2.2",
      "resolved": "https://registry.npmjs.org/lzma-js-simple-v2/-/lzma-js-simple-v2-1.2.2.tgz",
      "integrity": "sha512-dHjXHlgcS8r2K+4t8kAycGE4xMVQxPzMTCrrYhaFEtQDmjXh/A7xq4D88oOfEtjTR9XFzTAML9AuBrm4jXLigA=="
    },
    "node_modules/ml-array-max": {
      "version": "1.2.4",
      "resolved": "https://registry.npmjs.org/ml-array-max/-/ml-array-max-1.2.4.tgz",
      "integrity": "sha512-BlEeg80jI0tW6WaPyGxf5Sa4sqvcyY6lbSn5Vcv44lp1I2GR6AWojfUvLnGTNsIXrZ8uqWmo8VcG1WpkI2ONMQ==",
      "dependencies": {
        "is-any-array": "^2.0.0"
      }
    },
    "node_modules/ml-array-min": {
      "version": "1.2.3",
      "resolved": "https://registry.npmjs.org/ml-array-min/-/ml-array-min-1.2.3.tgz",
      "integrity": "sha512-VcZ5f3VZ1iihtrGvgfh/q0XlMobG6GQ8FsNyQXD3T+IlstDv85g8kfV0xUG1QPRO/t21aukaJowDzMTc7j5V6Q==",
      "dependencies": {
        "is-any-array": "^2.0.0"
      }
    },
    "node_modules/ml-array-rescale": {
      "version": "1.3.7",
      "resolved": "https://registry.npmjs.org/ml-array-rescale/-/ml-array-rescale-1.3.7.tgz",
      "integrity": "sha512-48NGChTouvEo9KBctDfHC3udWnQKNKEWN0ziELvY3KG25GR5cA8K8wNVzracsqSW1QEkAXjTNx+ycgAv06/1mQ==",
      "dependencies": {
        "is-any-array": "^2.0.0",
        "ml-array-max": "^1.2.4",
        "ml-array-min": "^1.2.3"
      }
    },
    "node_modules/ml-matrix": {
      "version": "6.11.0",
      "resolved": "https://registry.npmjs.org/ml-matrix/-/ml-matrix-6.11.0.tgz",
      "integrity": "sha512-7jr9NmFRkaUxbKslfRu3aZOjJd2LkSitCGv+QH9PF0eJoEG7jIpjXra1Vw8/kgao8+kHCSsJONG6vfWmXQ+/Eg==",
      "dependencies": {
        "is-any-array": "^2.0.1",
        "ml-array-rescale": "^1.3.7"
      }
    },
    "node_modules/osu-classes": {
      "version": "3.0.1",
      "resolved": "https://registry.npmjs.org/osu-classes/-/osu-classes-3.0.1.tgz",
      "integrity": "sha512-EI0pMoyUAgrvGHeOywaglHaGpjxhCHtwxPsK7kKJMDGmSgT8lvD3Ebs7vkSNPcKAuBX0VMbfsnSrwE9ArkOXyw=="
    },
    "node_modules/osu-parsers": {
      "version": "4.1.6",
      "resolved": "https://registry.npmjs.org/osu-parsers/-/osu-parsers-4.1.6.tgz",
      "integrity": "sha512-k0PQaWBEZEMiweminI/A4j0lLTvsbHvhU/McMI94yJy+ME1ZfggAOp3vVee1P0Ze0Nu+pT/Ir7b0AlrhJO9IsQ==",
      "dependencies": {
        "lzma-js-simple-v2": "^1.2.2"
      },
      "peerDependencies": {
        "osu-classes": "^3.0.1"
      }
    },
    "node_modules/parse-svg-path": {
      "version": "0.1.2",
      "resolved": "https://registry.npmjs.org/parse-svg-path/-/parse-svg-path-0.1.2.tgz",
      "integrity": "sha512-JyPSBnkTJ0AI8GGJLfMXvKq42cj5c006fnLz6fXy6zfoVjJizi8BNTpu8on8ziI1cKy9d9DGNuY17Ce7wuejpQ=="
    }
  }
}
